
Microsoft Visual Studio Solution File, Format Version 12.00
# Visual Studio Version 17
VisualStudioVersion = 17.0.32126.317
MinimumVisualStudioVersion = 10.0.40219.1
Project("{FAE04EC0-301F-11D3-BF4B-00C04F79EFBC}") = "comparing-binary", "comparing-binary\comparing-binary.csproj", "{85C61B9F-0BF9-4D8A-9CE1-D7312237B715}"
EndProject
Project("{FAE04EC0-301F-11D3-BF4B-00C04F79EFBC}") = "Tests", "Tests\Tests.csproj", "{B693A760-1122-4BE7-937A-3A51C0C5134F}"
EndProject
Global
	GlobalSection(SolutionConfigurationPlatforms) = preSolution
		Debug|Any CPU = Debug|Any CPU
		Release|Any CPU = Release|Any CPU
	EndGlobalSection
	GlobalSection(ProjectConfigurationPlatforms) = postSolution
		{85C61B9F-0BF9-4D8A-9CE1-D7312237B715}.Debug|Any CPU.ActiveCfg = Debug|Any CPU
		{85C61B9F-0BF9-4D8A-9CE1-D7312237B715}.Debug|Any CPU.Build.0 = Debug|Any CPU
		{85C61B9F-0BF9-4D8A-9CE1-D7312237B715}.Release|Any CPU.ActiveCfg = Release|Any CPU
		{85C61B9F-0BF9-4D8A-9CE1-D7312237B715}.Release|Any CPU.Build.0 = Release|Any CPU
		{B693A760-1122-4BE7-937A-3A51C0C5134F}.Debug|Any CPU.ActiveCfg = Debug|Any CPU
		{B693A760-1122-4BE7-937A-3A51C0C5134F}.Debug|Any CPU.Build.0 = Debug|Any CPU
		{B693A760-1122-4BE7-937A-3A51C0C5134F}.Release|Any CPU.ActiveCfg = Release|Any CPU
		{B693A760-1122-4BE7-937A-3A51C0C5134F}.Release|Any CPU.Build.0 = Release|Any CPU
	EndGlobalSection
	GlobalSection(SolutionProperties) = preSolution
		HideSolutionNode = FALSE
	EndGlobalSection
	GlobalSection(ExtensibilityGlobals) = postSolution
		SolutionGuid = {043C2FD5-75BC-4EBA-B6D9-8DF6B3C01595}
	EndGlobalSection
EndGlobal
